
Microsoft Visual Studio Solution File, Format Version 12.00
# Visual Studio 15
VisualStudioVersion = 15.0.28307.136
MinimumVisualStudioVersion = 10.0.40219.1
Project("{8BC9CEB8-8B4A-11D0-8D11-00A0C91BC942}") = "DBBackup", "DBBackup.vcxproj", "{63CC8A19-D765-4F9E-A359-4B27E8ACE139}"
EndProject
Global
	GlobalSection(SolutionConfigurationPlatforms) = preSolution
		Debug|x64 = Debug|x64
		Debug|x86 = Debug|x86
		Release|x64 = Release|x64
		Release|x86 = Release|x86
	EndGlobalSection
	GlobalSection(ProjectConfigurationPlatforms) = postSolution
		{63CC8A19-D765-4F9E-A359-4B27E8ACE139}.Debug|x64.ActiveCfg = Debug|x64
		{63CC8A19-D765-4F9E-A359-4B27E8ACE139}.Debug|x64.Build.0 = Debug|x64
		{63CC8A19-D765-4F9E-A359-4B27E8ACE139}.Debug|x86.ActiveCfg = Debug|Win32
		{63CC8A19-D765-4F9E-A359-4B27E8ACE139}.Debug|x86.Build.0 = Debug|Win32
		{63CC8A19-D765-4F9E-A359-4B27E8ACE139}.Release|x64.ActiveCfg = Release|x64
		{63CC8A19-D765-4F9E-A359-4B27E8ACE139}.Release|x64.Build.0 = Release|x64
		{63CC8A19-D765-4F9E-A359-4B27E8ACE139}.Release|x86.ActiveCfg = Release|Win32
		{63CC8A19-D765-4F9E-A359-4B27E8ACE139}.Release|x86.Build.0 = Release|Win32
	EndGlobalSection
	GlobalSection(SolutionProperties) = preSolution
		HideSolutionNode = FALSE
	EndGlobalSection
	GlobalSection(ExtensibilityGlobals) = postSolution
		SolutionGuid = {4355381C-DCDE-4FF1-BCA6-97573589BB01}
	EndGlobalSection
EndGlobal
